# This file was autogenerated by Stack.
# You should not edit this file by hand.
# For more information, please see the documentation at:
#   https://docs.haskellstack.org/en/stable/lock_files

packages:
- completed:
    hackage: aeson-1.4.5.0@sha256:451b48781e6f85102675778b54cd8f0e0cafa5bdf950c2989223cc22f9baa20e,6964
    pantry-tree:
      size: 40193
      sha256: 2a66131492bcf981138f4723ea5c71058ce5b37b0f1b50db020321c1cee1545b
  original:
    hackage: aeson-1.4.5.0
- completed:
    hackage: extensible-effects-5.0.0.1@sha256:2ed0bee04c8bf334358147da6d92ff31e9fbbefceb75ef3e408a0d858aec0cc6,9013
    pantry-tree:
      size: 3306
      sha256: 4c520f1ccb76ed1d304cb5967e6679e31c907d3c0ba5d7e4a459e827b9a08173
  original:
    hackage: extensible-effects-5.0.0.1
- completed:
    hackage: polysemy-1.2.3.0@sha256:d9cfa7942940c7c6d07d1f26ae70c4f1170f9bd6c331bdbe586e810fafc25f17,5878
    pantry-tree:
      size: 3625
      sha256: a54b1b565848944e37a5533bd91e91ecb7cdfa21294ba599c13d015d354c4f39
  original:
    hackage: polysemy-1.2.3.0
- completed:
    hackage: polysemy-plugin-0.2.4.0@sha256:b27f399946e90d480271d2b655b6172ed80f9d421f871c21a804511bc7b0f53c,2952
    pantry-tree:
      size: 1232
      sha256: cb625393a44faa3c25e513c7df89742b5bbe457533f8f2ebf37bc6a32bf10423
  original:
    hackage: polysemy-plugin-0.2.4.0
snapshots:
- completed:
    size: 524804
    url: https://raw.githubusercontent.com/commercialhaskell/stackage-snapshots/master/lts/14/16.yaml
    sha256: 4d1519a4372d051d47a5eae2241cf3fb54e113d7475f89707ddb6ec06add2888
  original: lts-14.16
